<?xml version="1.0" encoding="utf-8"?>
<Project ToolsVersion="4.0" xmlns="http://schemas.microsoft.com/developer/msbuild/2003">
  <ItemGroup>
    <Filter Include="LINAL">
      <UniqueIdentifier>{5842f8f4-5c2a-4b3b-a984-a4439167ae8f}</UniqueIdentifier>
    </Filter>
    <Filter Include="Engine">
      <UniqueIdentifier>{3dc8acb2-6eb1-41d3-a852-e286495acfa9}</UniqueIdentifier>
    </Filter>
    <Filter Include="LINAL\Objects">
      <UniqueIdentifier>{85c55fc9-f429-4a2d-873d-4dd03c66af87}</UniqueIdentifier>
    </Filter>
  </ItemGroup>
  <ItemGroup>
    <ClCompile Include="Matrix.cpp">
      <Filter>LINAL</Filter>
    </ClCompile>
    <ClCompile Include="Vector.cpp">
      <Filter>LINAL</Filter>
    </ClCompile>
    <ClCompile Include="InputManager.cpp">
      <Filter>Engine</Filter>
    </ClCompile>
    <ClCompile Include="FWApplication.cpp">
      <Filter>Engine</Filter>
    </ClCompile>
    <ClCompile Include="Main.cpp">
      <Filter>Engine</Filter>
    </ClCompile>
    <ClCompile Include="RandomGenerator.cpp">
      <Filter>Engine</Filter>
    </ClCompile>
    <ClCompile Include="Camera.cpp">
      <Filter>LINAL</Filter>
    </ClCompile>
    <ClCompile Include="Line.cpp">
      <Filter>LINAL</Filter>
    </ClCompile>
    <ClCompile Include="Bullet.cpp">
      <Filter>LINAL\Objects</Filter>
    </ClCompile>
    <ClCompile Include="Spaceship.cpp">
      <Filter>LINAL\Objects</Filter>
    </ClCompile>
    <ClCompile Include="Square.cpp">
      <Filter>LINAL\Objects</Filter>
    </ClCompile>
    <ClCompile Include="Triangle.cpp">
      <Filter>LINAL\Objects</Filter>
    </ClCompile>
    <ClCompile Include="Planet.cpp" />
  </ItemGroup>
  <ItemGroup>
    <None Include="SDL2.dll" />
  </ItemGroup>
  <ItemGroup>
    <ClInclude Include="Space.h">
      <Filter>LINAL</Filter>
    </ClInclude>
    <ClInclude Include="Vector.h">
      <Filter>LINAL</Filter>
    </ClInclude>
    <ClInclude Include="Matrix.h">
      <Filter>LINAL</Filter>
    </ClInclude>
    <ClInclude Include="InputManager.h">
      <Filter>Engine</Filter>
    </ClInclude>
    <ClInclude Include="RandomGenerator.h">
      <Filter>Engine</Filter>
    </ClInclude>
    <ClInclude Include="Config.h">
      <Filter>Engine</Filter>
    </ClInclude>
    <ClInclude Include="FWApplication.h">
      <Filter>Engine</Filter>
    </ClInclude>
    <ClInclude Include="IGameObject.h">
      <Filter>Engine</Filter>
    </ClInclude>
    <ClInclude Include="Camera.h">
      <Filter>LINAL</Filter>
    </ClInclude>
    <ClInclude Include="Line.h">
      <Filter>LINAL</Filter>
    </ClInclude>
    <ClInclude Include="Bullet.h">
      <Filter>LINAL\Objects</Filter>
    </ClInclude>
    <ClInclude Include="Spaceship.h">
      <Filter>LINAL\Objects</Filter>
    </ClInclude>
    <ClInclude Include="Square.h">
      <Filter>LINAL\Objects</Filter>
    </ClInclude>
    <ClInclude Include="Triangle.h">
      <Filter>LINAL\Objects</Filter>
    </ClInclude>
    <ClInclude Include="Planet.h">
      <Filter>LINAL\Objects</Filter>
    </ClInclude>
    <ClInclude Include="Colors.h">
      <Filter>Engine</Filter>
    </ClInclude>
  </ItemGroup>
</Project>